
Microsoft Visual Studio Solution File, Format Version 12.00
# Visual Studio 2012
Project("{070BCB52-5A75-4F8C-A973-144AF0EAFCC9}") = "CordovajQueryMobile", "CordovajQueryMobile\CordovajQueryMobile.iceproj", "{1832562B-9A76-4F13-89C8-BBC0213A6071}"
EndProject
Global
	GlobalSection(SolutionConfigurationPlatforms) = preSolution
		Debug|Any CPU = Debug|Any CPU
		Release|Any CPU = Release|Any CPU
	EndGlobalSection
	GlobalSection(ProjectConfigurationPlatforms) = postSolution
		{1832562B-9A76-4F13-89C8-BBC0213A6071}.Debug|Any CPU.ActiveCfg = Debug|Any CPU
		{1832562B-9A76-4F13-89C8-BBC0213A6071}.Debug|Any CPU.Build.0 = Debug|Any CPU
		{1832562B-9A76-4F13-89C8-BBC0213A6071}.Release|Any CPU.ActiveCfg = Release|Any CPU
		{1832562B-9A76-4F13-89C8-BBC0213A6071}.Release|Any CPU.Build.0 = Release|Any CPU
	EndGlobalSection
	GlobalSection(SolutionProperties) = preSolution
		HideSolutionNode = FALSE
	EndGlobalSection
EndGlobal
