
Microsoft Visual Studio Solution File, Format Version 12.00
# Visual Studio 2012
Project("{070BCB52-5A75-4F8C-A973-144AF0EAFCC9}") = "CordovaBootstrapKnockoutDemo", "CordovaBootstrapKnockoutDemo\CordovaBootstrapKnockoutDemo.iceproj", "{3607DB4C-3E4A-4F76-92CE-1E9923942597}"
EndProject
Global
	GlobalSection(SolutionConfigurationPlatforms) = preSolution
		Debug|Any CPU = Debug|Any CPU
		Release|Any CPU = Release|Any CPU
	EndGlobalSection
	GlobalSection(ProjectConfigurationPlatforms) = postSolution
		{3607DB4C-3E4A-4F76-92CE-1E9923942597}.Debug|Any CPU.ActiveCfg = Debug|Any CPU
		{3607DB4C-3E4A-4F76-92CE-1E9923942597}.Debug|Any CPU.Build.0 = Debug|Any CPU
		{3607DB4C-3E4A-4F76-92CE-1E9923942597}.Release|Any CPU.ActiveCfg = Release|Any CPU
		{3607DB4C-3E4A-4F76-92CE-1E9923942597}.Release|Any CPU.Build.0 = Release|Any CPU
	EndGlobalSection
	GlobalSection(SolutionProperties) = preSolution
		HideSolutionNode = FALSE
	EndGlobalSection
EndGlobal
